// !$*UTF8*$!
{
	archiveVersion = 1;
	classes = {
	};
	objectVersion = 50;
	objects = {

/* Begin PBXBuildFile section */
		23D1C8B729F6895900DF9B3B /* AppDelegate.swift in Sources */ = {isa = PBXBuildFile; fileRef = 23D1C8B629F6895900DF9B3B /* AppDelegate.swift */; };
		23D1C8B929F6895900DF9B3B /* SceneDelegate.swift in Sources */ = {isa = PBXBuildFile; fileRef = 23D1C8B829F6895900DF9B3B /* SceneDelegate.swift */; };
		23D1C8BB29F6895900DF9B3B /* ViewController.swift in Sources */ = {isa = PBXBuildFile; fileRef = 23D1C8BA29F6895900DF9B3B /* ViewController.swift */; };
		23D1C8BE29F6895900DF9B3B /* Main.storyboard in Resources */ = {isa = PBXBuildFile; fileRef = 23D1C8BC29F6895900DF9B3B /* Main.storyboard */; };
		23D1C8C029F6895A00DF9B3B /* Assets.xcassets in Resources */ = {isa = PBXBuildFile; fileRef = 23D1C8BF29F6895A00DF9B3B /* Assets.xcassets */; };
		23D1C8C329F6895A00DF9B3B /* LaunchScreen.storyboard in Resources */ = {isa = PBXBuildFile; fileRef = 23D1C8C129F6895A00DF9B3B /* LaunchScreen.storyboard */; };
		23D1C8CB29F693FA00DF9B3B /* CustomTableViewCell.swift in Sources */ = {isa = PBXBuildFile; fileRef = 23D1C8CA29F693FA00DF9B3B /* CustomTableViewCell.swift */; };
		23D1C8CE29F6C17B00DF9B3B /* Weather.swift in Sources */ = {isa = PBXBuildFile; fileRef = 23D1C8CD29F6C17B00DF9B3B /* Weather.swift */; };
		23D1C8D029F6C1C500DF9B3B /* Current.swift in Sources */ = {isa = PBXBuildFile; fileRef = 23D1C8CF29F6C1C500DF9B3B /* Current.swift */; };
		23D1C8D229F6C1EC00DF9B3B /* WeatherElement.swift in Sources */ = {isa = PBXBuildFile; fileRef = 23D1C8D129F6C1EC00DF9B3B /* WeatherElement.swift */; };
		23D1C8D429F6C2A000DF9B3B /* Daily.swift in Sources */ = {isa = PBXBuildFile; fileRef = 23D1C8D329F6C2A000DF9B3B /* Daily.swift */; };
		23D1C8D629F6C2D300DF9B3B /* Temp.swift in Sources */ = {isa = PBXBuildFile; fileRef = 23D1C8D529F6C2D300DF9B3B /* Temp.swift */; };
		23D1C8DA29F6FB6300DF9B3B /* WeatherTableViewCell.swift in Sources */ = {isa = PBXBuildFile; fileRef = 23D1C8D929F6FB6300DF9B3B /* WeatherTableViewCell.swift */; };
		23D1C8DF29F7149500DF9B3B /* WeatherCollectionViewCell.swift in Sources */ = {isa = PBXBuildFile; fileRef = 23D1C8DE29F7149500DF9B3B /* WeatherCollectionViewCell.swift */; };
		23D1C8E129F7167400DF9B3B /* HourlyTableViewCell.swift in Sources */ = {isa = PBXBuildFile; fileRef = 23D1C8E029F7167400DF9B3B /* HourlyTableViewCell.swift */; };
/* End PBXBuildFile section */

/* Begin PBXFileReference section */
		23D1C8B329F6895900DF9B3B /* WeatherAppMay.app */ = {isa = PBXFileReference; explicitFileType = wrapper.application; includeInIndex = 0; path = WeatherAppMay.app; sourceTree = BUILT_PRODUCTS_DIR; };
		23D1C8B629F6895900DF9B3B /* AppDelegate.swift */ = {isa = PBXFileReference; lastKnownFileType = sourcecode.swift; path = AppDelegate.swift; sourceTree = "<group>"; };
		23D1C8B829F6895900DF9B3B /* SceneDelegate.swift */ = {isa = PBXFileReference; lastKnownFileType = sourcecode.swift; path = SceneDelegate.swift; sourceTree = "<group>"; };
		23D1C8BA29F6895900DF9B3B /* ViewController.swift */ = {isa = PBXFileReference; lastKnownFileType = sourcecode.swift; path = ViewController.swift; sourceTree = "<group>"; };
		23D1C8BD29F6895900DF9B3B /* Base */ = {isa = PBXFileReference; lastKnownFileType = file.storyboard; name = Base; path = Base.lproj/Main.storyboard; sourceTree = "<group>"; };
		23D1C8BF29F6895A00DF9B3B /* Assets.xcassets */ = {isa = PBXFileReference; lastKnownFileType = folder.assetcatalog; path = Assets.xcassets; sourceTree = "<group>"; };
		23D1C8C229F6895A00DF9B3B /* Base */ = {isa = PBXFileReference; lastKnownFileType = file.storyboard; name = Base; path = Base.lproj/LaunchScreen.storyboard; sourceTree = "<group>"; };
		23D1C8C429F6895A00DF9B3B /* Info.plist */ = {isa = PBXFileReference; lastKnownFileType = text.plist.xml; path = Info.plist; sourceTree = "<group>"; };
		23D1C8CA29F693FA00DF9B3B /* CustomTableViewCell.swift */ = {isa = PBXFileReference; lastKnownFileType = sourcecode.swift; path = CustomTableViewCell.swift; sourceTree = "<group>"; };
		23D1C8CD29F6C17B00DF9B3B /* Weather.swift */ = {isa = PBXFileReference; lastKnownFileType = sourcecode.swift; path = Weather.swift; sourceTree = "<group>"; };
		23D1C8CF29F6C1C500DF9B3B /* Current.swift */ = {isa = PBXFileReference; lastKnownFileType = sourcecode.swift; path = Current.swift; sourceTree = "<group>"; };
		23D1C8D129F6C1EC00DF9B3B /* WeatherElement.swift */ = {isa = PBXFileReference; lastKnownFileType = sourcecode.swift; path = WeatherElement.swift; sourceTree = "<group>"; };
		23D1C8D329F6C2A000DF9B3B /* Daily.swift */ = {isa = PBXFileReference; lastKnownFileType = sourcecode.swift; path = Daily.swift; sourceTree = "<group>"; };
		23D1C8D529F6C2D300DF9B3B /* Temp.swift */ = {isa = PBXFileReference; lastKnownFileType = sourcecode.swift; path = Temp.swift; sourceTree = "<group>"; };
		23D1C8D929F6FB6300DF9B3B /* WeatherTableViewCell.swift */ = {isa = PBXFileReference; lastKnownFileType = sourcecode.swift; path = WeatherTableViewCell.swift; sourceTree = "<group>"; };
		23D1C8DE29F7149500DF9B3B /* WeatherCollectionViewCell.swift */ = {isa = PBXFileReference; lastKnownFileType = sourcecode.swift; path = WeatherCollectionViewCell.swift; sourceTree = "<group>"; };
		23D1C8E029F7167400DF9B3B /* HourlyTableViewCell.swift */ = {isa = PBXFileReference; lastKnownFileType = sourcecode.swift; path = HourlyTableViewCell.swift; sourceTree = "<group>"; };
/* End PBXFileReference section */

/* Begin PBXFrameworksBuildPhase section */
		23D1C8B029F6895900DF9B3B /* Frameworks */ = {
			isa = PBXFrameworksBuildPhase;
			buildActionMask = 2147483647;
			files = (
			);
			runOnlyForDeploymentPostprocessing = 0;
		};
/* End PBXFrameworksBuildPhase section */

/* Begin PBXGroup section */
		23D1C8AA29F6895900DF9B3B = {
			isa = PBXGroup;
			children = (
				23D1C8D929F6FB6300DF9B3B /* WeatherTableViewCell.swift */,
				23D1C8B529F6895900DF9B3B /* WeatherAppMay */,
				23D1C8B429F6895900DF9B3B /* Products */,
			);
			sourceTree = "<group>";
		};
		23D1C8B429F6895900DF9B3B /* Products */ = {
			isa = PBXGroup;
			children = (
				23D1C8B329F6895900DF9B3B /* WeatherAppMay.app */,
			);
			name = Products;
			sourceTree = "<group>";
		};
		23D1C8B529F6895900DF9B3B /* WeatherAppMay */ = {
			isa = PBXGroup;
			children = (
				23D1C8CC29F6C16800DF9B3B /* Model */,
				23D1C8DB29F7139100DF9B3B /* View */,
				23D1C8DD29F713CA00DF9B3B /* Controller */,
				23D1C8B629F6895900DF9B3B /* AppDelegate.swift */,
				23D1C8B829F6895900DF9B3B /* SceneDelegate.swift */,
				23D1C8BC29F6895900DF9B3B /* Main.storyboard */,
				23D1C8BF29F6895A00DF9B3B /* Assets.xcassets */,
				23D1C8C129F6895A00DF9B3B /* LaunchScreen.storyboard */,
				23D1C8C429F6895A00DF9B3B /* Info.plist */,
			);
			path = WeatherAppMay;
			sourceTree = "<group>";
		};
		23D1C8CC29F6C16800DF9B3B /* Model */ = {
			isa = PBXGroup;
			children = (
				23D1C8CD29F6C17B00DF9B3B /* Weather.swift */,
				23D1C8CF29F6C1C500DF9B3B /* Current.swift */,
				23D1C8D129F6C1EC00DF9B3B /* WeatherElement.swift */,
				23D1C8D329F6C2A000DF9B3B /* Daily.swift */,
				23D1C8D529F6C2D300DF9B3B /* Temp.swift */,
			);
			path = Model;
			sourceTree = "<group>";
		};
		23D1C8DB29F7139100DF9B3B /* View */ = {
			isa = PBXGroup;
			children = (
				23D1C8CA29F693FA00DF9B3B /* CustomTableViewCell.swift */,
				23D1C8E029F7167400DF9B3B /* HourlyTableViewCell.swift */,
				23D1C8DE29F7149500DF9B3B /* WeatherCollectionViewCell.swift */,
			);
			path = View;
			sourceTree = "<group>";
		};
		23D1C8DD29F713CA00DF9B3B /* Controller */ = {
			isa = PBXGroup;
			children = (
				23D1C8BA29F6895900DF9B3B /* ViewController.swift */,
			);
			path = Controller;
			sourceTree = "<group>";
		};
/* End PBXGroup section */

/* Begin PBXNativeTarget section */
		23D1C8B229F6895900DF9B3B /* WeatherAppMay */ = {
			isa = PBXNativeTarget;
			buildConfigurationList = 23D1C8C729F6895A00DF9B3B /* Build configuration list for PBXNativeTarget "WeatherAppMay" */;
			buildPhases = (
				23D1C8AF29F6895900DF9B3B /* Sources */,
				23D1C8B029F6895900DF9B3B /* Frameworks */,
				23D1C8B129F6895900DF9B3B /* Resources */,
			);
			buildRules = (
			);
			dependencies = (
			);
			name = WeatherAppMay;
			productName = WeatherAppMay;
			productReference = 23D1C8B329F6895900DF9B3B /* WeatherAppMay.app */;
			productType = "com.apple.product-type.application";
		};
/* End PBXNativeTarget section */

/* Begin PBXProject section */
		23D1C8AB29F6895900DF9B3B /* Project object */ = {
			isa = PBXProject;
			attributes = {
				LastSwiftUpdateCheck = 1250;
				LastUpgradeCheck = 1250;
				TargetAttributes = {
					23D1C8B229F6895900DF9B3B = {
						CreatedOnToolsVersion = 12.5.1;
					};
				};
			};
			buildConfigurationList = 23D1C8AE29F6895900DF9B3B /* Build configuration list for PBXProject "WeatherAppMay" */;
			compatibilityVersion = "Xcode 9.3";
			developmentRegion = en;
			hasScannedForEncodings = 0;
			knownRegions = (
				en,
				Base,
			);
			mainGroup = 23D1C8AA29F6895900DF9B3B;
			productRefGroup = 23D1C8B429F6895900DF9B3B /* Products */;
			projectDirPath = "";
			projectRoot = "";
			targets = (
				23D1C8B229F6895900DF9B3B /* WeatherAppMay */,
			);
		};
/* End PBXProject section */

/* Begin PBXResourcesBuildPhase section */
		23D1C8B129F6895900DF9B3B /* Resources */ = {
			isa = PBXResourcesBuildPhase;
			buildActionMask = 2147483647;
			files = (
				23D1C8C329F6895A00DF9B3B /* LaunchScreen.storyboard in Resources */,
				23D1C8C029F6895A00DF9B3B /* Assets.xcassets in Resources */,
				23D1C8BE29F6895900DF9B3B /* Main.storyboard in Resources */,
			);
			runOnlyForDeploymentPostprocessing = 0;
		};
/* End PBXResourcesBuildPhase section */

/* Begin PBXSourcesBuildPhase section */
		23D1C8AF29F6895900DF9B3B /* Sources */ = {
			isa = PBXSourcesBuildPhase;
			buildActionMask = 2147483647;
			files = (
				23D1C8DA29F6FB6300DF9B3B /* WeatherTableViewCell.swift in Sources */,
				23D1C8BB29F6895900DF9B3B /* ViewController.swift in Sources */,
				23D1C8DF29F7149500DF9B3B /* WeatherCollectionViewCell.swift in Sources */,
				23D1C8D429F6C2A000DF9B3B /* Daily.swift in Sources */,
				23D1C8D629F6C2D300DF9B3B /* Temp.swift in Sources */,
				23D1C8B729F6895900DF9B3B /* AppDelegate.swift in Sources */,
				23D1C8D229F6C1EC00DF9B3B /* WeatherElement.swift in Sources */,
				23D1C8CB29F693FA00DF9B3B /* CustomTableViewCell.swift in Sources */,
				23D1C8D029F6C1C500DF9B3B /* Current.swift in Sources */,
				23D1C8B929F6895900DF9B3B /* SceneDelegate.swift in Sources */,
				23D1C8E129F7167400DF9B3B /* HourlyTableViewCell.swift in Sources */,
				23D1C8CE29F6C17B00DF9B3B /* Weather.swift in Sources */,
			);
			runOnlyForDeploymentPostprocessing = 0;
		};
/* End PBXSourcesBuildPhase section */

/* Begin PBXVariantGroup section */
		23D1C8BC29F6895900DF9B3B /* Main.storyboard */ = {
			isa = PBXVariantGroup;
			children = (
				23D1C8BD29F6895900DF9B3B /* Base */,
			);
			name = Main.storyboard;
			sourceTree = "<group>";
		};
		23D1C8C129F6895A00DF9B3B /* LaunchScreen.storyboard */ = {
			isa = PBXVariantGroup;
			children = (
				23D1C8C229F6895A00DF9B3B /* Base */,
			);
			name = LaunchScreen.storyboard;
			sourceTree = "<group>";
		};
/* End PBXVariantGroup section */

/* Begin XCBuildConfiguration section */
		23D1C8C529F6895A00DF9B3B /* Debug */ = {
			isa = XCBuildConfiguration;
			buildSettings = {
				ALWAYS_SEARCH_USER_PATHS = NO;
				CLANG_ANALYZER_NONNULL = YES;
				CLANG_ANALYZER_NUMBER_OBJECT_CONVERSION = YES_AGGRESSIVE;
				CLANG_CXX_LANGUAGE_STANDARD = "gnu++14";
				CLANG_CXX_LIBRARY = "libc++";
				CLANG_ENABLE_MODULES = YES;
				CLANG_ENABLE_OBJC_ARC = YES;
				CLANG_ENABLE_OBJC_WEAK = YES;
				CLANG_WARN_BLOCK_CAPTURE_AUTORELEASING = YES;
				CLANG_WARN_BOOL_CONVERSION = YES;
				CLANG_WARN_COMMA = YES;
				CLANG_WARN_CONSTANT_CONVERSION = YES;
				CLANG_WARN_DEPRECATED_OBJC_IMPLEMENTATIONS = YES;
				CLANG_WARN_DIRECT_OBJC_ISA_USAGE = YES_ERROR;
				CLANG_WARN_DOCUMENTATION_COMMENTS = YES;
				CLANG_WARN_EMPTY_BODY = YES;
				CLANG_WARN_ENUM_CONVERSION = YES;
				CLANG_WARN_INFINITE_RECURSION = YES;
				CLANG_WARN_INT_CONVERSION = YES;
				CLANG_WARN_NON_LITERAL_NULL_CONVERSION = YES;
				CLANG_WARN_OBJC_IMPLICIT_RETAIN_SELF = YES;
				CLANG_WARN_OBJC_LITERAL_CONVERSION = YES;
				CLANG_WARN_OBJC_ROOT_CLASS = YES_ERROR;
				CLANG_WARN_QUOTED_INCLUDE_IN_FRAMEWORK_HEADER = YES;
				CLANG_WARN_RANGE_LOOP_ANALYSIS = YES;
				CLANG_WARN_STRICT_PROTOTYPES = YES;
				CLANG_WARN_SUSPICIOUS_MOVE = YES;
				CLANG_WARN_UNGUARDED_AVAILABILITY = YES_AGGRESSIVE;
				CLANG_WARN_UNREACHABLE_CODE = YES;
				CLANG_WARN__DUPLICATE_METHOD_MATCH = YES;
				COPY_PHASE_STRIP = NO;
				DEBUG_INFORMATION_FORMAT = dwarf;
				ENABLE_STRICT_OBJC_MSGSEND = YES;
				ENABLE_TESTABILITY = YES;
				GCC_C_LANGUAGE_STANDARD = gnu11;
				GCC_DYNAMIC_NO_PIC = NO;
				GCC_NO_COMMON_BLOCKS = YES;
				GCC_OPTIMIZATION_LEVEL = 0;
				GCC_PREPROCESSOR_DEFINITIONS = (
					"DEBUG=1",
					"$(inherited)",
				);
				GCC_WARN_64_TO_32_BIT_CONVERSION = YES;
				GCC_WARN_ABOUT_RETURN_TYPE = YES_ERROR;
				GCC_WARN_UNDECLARED_SELECTOR = YES;
				GCC_WARN_UNINITIALIZED_AUTOS = YES_AGGRESSIVE;
				GCC_WARN_UNUSED_FUNCTION = YES;
				GCC_WARN_UNUSED_VARIABLE = YES;
				IPHONEOS_DEPLOYMENT_TARGET = 14.5;
				MTL_ENABLE_DEBUG_INFO = INCLUDE_SOURCE;
				MTL_FAST_MATH = YES;
				ONLY_ACTIVE_ARCH = YES;
				SDKROOT = iphoneos;
				SWIFT_ACTIVE_COMPILATION_CONDITIONS = DEBUG;
				SWIFT_OPTIMIZATION_LEVEL = "-Onone";
			};
			name = Debug;
		};
		23D1C8C629F6895A00DF9B3B /* Release */ = {
			isa = XCBuildConfiguration;
			buildSettings = {
				ALWAYS_SEARCH_USER_PATHS = NO;
				CLANG_ANALYZER_NONNULL = YES;
				CLANG_ANALYZER_NUMBER_OBJECT_CONVERSION = YES_AGGRESSIVE;
				CLANG_CXX_LANGUAGE_STANDARD = "gnu++14";
				CLANG_CXX_LIBRARY = "libc++";
				CLANG_ENABLE_MODULES = YES;
				CLANG_ENABLE_OBJC_ARC = YES;
				CLANG_ENABLE_OBJC_WEAK = YES;
				CLANG_WARN_BLOCK_CAPTURE_AUTORELEASING = YES;
				CLANG_WARN_BOOL_CONVERSION = YES;
				CLANG_WARN_COMMA = YES;
				CLANG_WARN_CONSTANT_CONVERSION = YES;
				CLANG_WARN_DEPRECATED_OBJC_IMPLEMENTATIONS = YES;
				CLANG_WARN_DIRECT_OBJC_ISA_USAGE = YES_ERROR;
				CLANG_WARN_DOCUMENTATION_COMMENTS = YES;
				CLANG_WARN_EMPTY_BODY = YES;
				CLANG_WARN_ENUM_CONVERSION = YES;
				CLANG_WARN_INFINITE_RECURSION = YES;
				CLANG_WARN_INT_CONVERSION = YES;
				CLANG_WARN_NON_LITERAL_NULL_CONVERSION = YES;
				CLANG_WARN_OBJC_IMPLICIT_RETAIN_SELF = YES;
				CLANG_WARN_OBJC_LITERAL_CONVERSION = YES;
				CLANG_WARN_OBJC_ROOT_CLASS = YES_ERROR;
				CLANG_WARN_QUOTED_INCLUDE_IN_FRAMEWORK_HEADER = YES;
				CLANG_WARN_RANGE_LOOP_ANALYSIS = YES;
				CLANG_WARN_STRICT_PROTOTYPES = YES;
				CLANG_WARN_SUSPICIOUS_MOVE = YES;
				CLANG_WARN_UNGUARDED_AVAILABILITY = YES_AGGRESSIVE;
				CLANG_WARN_UNREACHABLE_CODE = YES;
				CLANG_WARN__DUPLICATE_METHOD_MATCH = YES;
				COPY_PHASE_STRIP = NO;
				DEBUG_INFORMATION_FORMAT = "dwarf-with-dsym";
				ENABLE_NS_ASSERTIONS = NO;
				ENABLE_STRICT_OBJC_MSGSEND = YES;
				GCC_C_LANGUAGE_STANDARD = gnu11;
				GCC_NO_COMMON_BLOCKS = YES;
				GCC_WARN_64_TO_32_BIT_CONVERSION = YES;
				GCC_WARN_ABOUT_RETURN_TYPE = YES_ERROR;
				GCC_WARN_UNDECLARED_SELECTOR = YES;
				GCC_WARN_UNINITIALIZED_AUTOS = YES_AGGRESSIVE;
				GCC_WARN_UNUSED_FUNCTION = YES;
				GCC_WARN_UNUSED_VARIABLE = YES;
				IPHONEOS_DEPLOYMENT_TARGET = 14.5;
				MTL_ENABLE_DEBUG_INFO = NO;
				MTL_FAST_MATH = YES;
				SDKROOT = iphoneos;
				SWIFT_COMPILATION_MODE = wholemodule;
				SWIFT_OPTIMIZATION_LEVEL = "-O";
				VALIDATE_PRODUCT = YES;
			};
			name = Release;
		};
		23D1C8C829F6895A00DF9B3B /* Debug */ = {
			isa = XCBuildConfiguration;
			buildSettings = {
				ASSETCATALOG_COMPILER_APPICON_NAME = AppIcon;
				ASSETCATALOG_COMPILER_GLOBAL_ACCENT_COLOR_NAME = AccentColor;
				CODE_SIGN_STYLE = Automatic;
				DEVELOPMENT_TEAM = 886Y82ZT56;
				INFOPLIST_FILE = WeatherAppMay/Info.plist;
				LD_RUNPATH_SEARCH_PATHS = (
					"$(inherited)",
					"@executable_path/Frameworks",
				);
				PRODUCT_BUNDLE_IDENTIFIER = com.carringtons.WeatherAppMay;
				PRODUCT_NAME = "$(TARGET_NAME)";
				SWIFT_VERSION = 5.0;
				TARGETED_DEVICE_FAMILY = "1,2";
			};
			name = Debug;
		};
		23D1C8C929F6895A00DF9B3B /* Release */ = {
			isa = XCBuildConfiguration;
			buildSettings = {
				ASSETCATALOG_COMPILER_APPICON_NAME = AppIcon;
				ASSETCATALOG_COMPILER_GLOBAL_ACCENT_COLOR_NAME = AccentColor;
				CODE_SIGN_STYLE = Automatic;
				DEVELOPMENT_TEAM = 886Y82ZT56;
				INFOPLIST_FILE = WeatherAppMay/Info.plist;
				LD_RUNPATH_SEARCH_PATHS = (
					"$(inherited)",
					"@executable_path/Frameworks",
				);
				PRODUCT_BUNDLE_IDENTIFIER = com.carringtons.WeatherAppMay;
				PRODUCT_NAME = "$(TARGET_NAME)";
				SWIFT_VERSION = 5.0;
				TARGETED_DEVICE_FAMILY = "1,2";
			};
			name = Release;
		};
/* End XCBuildConfiguration section */

/* Begin XCConfigurationList section */
		23D1C8AE29F6895900DF9B3B /* Build configuration list for PBXProject "WeatherAppMay" */ = {
			isa = XCConfigurationList;
			buildConfigurations = (
				23D1C8C529F6895A00DF9B3B /* Debug */,
				23D1C8C629F6895A00DF9B3B /* Release */,
			);
			defaultConfigurationIsVisible = 0;
			defaultConfigurationName = Release;
		};
		23D1C8C729F6895A00DF9B3B /* Build configuration list for PBXNativeTarget "WeatherAppMay" */ = {
			isa = XCConfigurationList;
			buildConfigurations = (
				23D1C8C829F6895A00DF9B3B /* Debug */,
				23D1C8C929F6895A00DF9B3B /* Release */,
			);
			defaultConfigurationIsVisible = 0;
			defaultConfigurationName = Release;
		};
/* End XCConfigurationList section */
	};
	rootObject = 23D1C8AB29F6895900DF9B3B /* Project object */;
}
